<?xml version="1.0" encoding="utf-8"?>
<Project ToolsVersion="14.0" xmlns="http://schemas.microsoft.com/developer/msbuild/2003">
  <ItemGroup>
    <Filter Include="Common">
      <UniqueIdentifier>82d1d010-8168-4e25-b099-5323ee63be81</UniqueIdentifier>
    </Filter>
    <Filter Include="Assets">
      <UniqueIdentifier>65849e7f-8f18-4824-975f-323e11b419ab</UniqueIdentifier>
      <Extensions>bmp;fbx;gif;jpg;jpeg;tga;tiff;tif;png</Extensions>
    </Filter>
  </ItemGroup>
  <ItemGroup>
    <ApplicationDefinition Include="App.xaml" />
  </ItemGroup>
  <ItemGroup>
    <ClCompile Include="App.xaml.cpp" />
    <ClCompile Include="MainPage.xaml.cpp" />
    <ClCompile Include="pch.cpp" />
    <ClCompile Include="CSVDataReader.cpp" />
    <ClCompile Include="DataReader.cpp" />
    <ClCompile Include="FileFunctions.cpp" />
    <ClCompile Include="DataReaderFactory.cpp" />
    <ClCompile Include="CsvDataReaderFactory.cpp" />
    <ClCompile Include="SchedulingEngineFactory.cpp" />
    <ClCompile Include="EvolutionSchedulingEngineFactory.cpp" />
    <ClCompile Include="SchedulingEngine.cpp" />
    <ClCompile Include="EvolutionSchedulingEngine.cpp" />
    <ClCompile Include="ScheduleScorer.cpp" />
    <ClCompile Include="MainSchedulingSingleton.cpp" />
    <ClCompile Include="EvoSchedulingProcessData.cpp" />
  </ItemGroup>
  <ItemGroup>
    <ClInclude Include="pch.h" />
    <ClInclude Include="App.xaml.h" />
    <ClInclude Include="MainPage.xaml.h" />
    <ClInclude Include="CSVDataReader.h" />
    <ClInclude Include="DataReader.h" />
    <ClInclude Include="FileFunctions.h" />
    <ClInclude Include="DataReaderFactory.h" />
    <ClInclude Include="CsvDataReaderFactory.h" />
    <ClInclude Include="resource.h" />
    <ClInclude Include="Header.h" />
    <ClInclude Include="AvailabilityData.h" />
    <ClInclude Include="SchedulingEngineFactory.h" />
    <ClInclude Include="EvolutionSchedulingEngineFactory.h" />
    <ClInclude Include="SchedulingEngine.h" />
    <ClInclude Include="EvolutionSchedulingEngine.h" />
    <ClInclude Include="ScheduleData.h" />
    <ClInclude Include="ScheduleScorer.h" />
    <ClInclude Include="MainSchedulingSingleton.h" />
    <ClInclude Include="EvoSchedulingProcessData.h" />
  </ItemGroup>
  <ItemGroup>
    <Image Include="Assets\LockScreenLogo.scale-200.png">
      <Filter>Assets</Filter>
    </Image>
    <Image Include="Assets\SplashScreen.scale-200.png">
      <Filter>Assets</Filter>
    </Image>
    <Image Include="Assets\Square150x150Logo.scale-200.png">
      <Filter>Assets</Filter>
    </Image>
    <Image Include="Assets\Square44x44Logo.scale-200.png">
      <Filter>Assets</Filter>
    </Image>
    <Image Include="Assets\Square44x44Logo.targetsize-24_altform-unplated.png">
      <Filter>Assets</Filter>
    </Image>
    <Image Include="Assets\StoreLogo.png">
      <Filter>Assets</Filter>
    </Image>
    <Image Include="Assets\Wide310x150Logo.scale-200.png">
      <Filter>Assets</Filter>
    </Image>
  </ItemGroup>
  <ItemGroup>
    <AppxManifest Include="Package.appxmanifest" />
  </ItemGroup>
  <ItemGroup>
    <None Include="GenSched_TemporaryKey.pfx" />
  </ItemGroup>
  <ItemGroup>
    <Page Include="MainPage.xaml" />
  </ItemGroup>
  <ItemGroup>
    <ResourceCompile Include="GenSched.rc" />
  </ItemGroup>
</Project>